# This file is autogenerated, do not edit; changes may be undone by the next 'dep ensure'.


[[projects]]
  digest = "1:d3c3c0d72e6a4f462ff6dbba5c15ca7f2302ccf596eddce97ce0104cf59551d3"
  name = "github.com/go-redis/cache"
  packages = [
    ".",
    "internal",
    "internal/lrucache",
    "internal/singleflight",
  ]
  pruneopts = "UT"
  revision = "68c6185b0083c582103ce65a2b0709a1a9a1fee2"
  version = "v6.4.0"

[[projects]]
  digest = "1:b46f50677ef33284ebde2b285a42b707ff9e1de1f37328d91869859c929ebbd2"
  name = "github.com/go-redis/redis"
  packages = [
    ".",
    "internal",
    "internal/consistenthash",
    "internal/hashtag",
    "internal/pool",
    "internal/proto",
    "internal/util",
  ]
  pruneopts = "UT"
  revision = "7f69d5e32072d151eb6936cbe2306413e8117488"
  version = "v6.15.6"

[[projects]]
  digest = "1:573ca21d3669500ff845bdebee890eb7fc7f0f50c59f2132f2a0c6b03d85086a"
  name = "github.com/golang/protobuf"
  packages = ["proto"]
  pruneopts = "UT"
  revision = "6c65a5562fc06764971b7c5d05c76c75e84bdbf7"
  version = "v1.3.2"

[[projects]]
  digest = "1:a2cff208d4759f6ba1b1cd228587b0a1869f95f22542ec9cd17fff64430113c7"
  name = "github.com/jessevdk/go-flags"
  packages = ["."]
  pruneopts = "UT"
  revision = "c6ca198ec95c841fdb89fc0de7496fed11ab854e"
  version = "v1.4.0"

[[projects]]
  digest = "1:12cb143f2148bf54bcd9fe622abac17325e85eeb1d84b8ec6caf1c80232108fd"
  name = "github.com/lib/pq"
  packages = [
    ".",
    "oid",
    "scram",
  ]
  pruneopts = "UT"
  revision = "3427c32cb71afc948325f299f040e53c1dd78979"
  version = "v1.2.0"

[[projects]]
  digest = "1:da2217f77d96b187c69f48d4401dc566e4346aff96e8f4e0f646537d6413a02b"
  name = "github.com/rs/zerolog"
  packages = [
    ".",
    "internal/cbor",
    "internal/json",
    "log",
  ]
  pruneopts = "UT"
  revision = "f1dd50b8c64d79be1392edf1d8fda5cedea4916d"
  version = "v1.17.2"

[[projects]]
  digest = "1:bdbeee77ecd82dc2e9bdc6deab3739fb968d953f8660b5577c74585a119db40c"
  name = "github.com/vmihailenco/msgpack"
  packages = [
    ".",
    "codes",
  ]
  pruneopts = "UT"
  revision = "cd92a145e6d2ce09e792f838dc0b669b680aea29"
  version = "v4.1.1"

[[projects]]
  digest = "1:a6c5ab44d09b463220e70b89e20e55e182ba4f7d15144697fe8dfc449d553e73"
  name = "github.com/vmihailenco/tagparser"
  packages = [
    ".",
    "internal",
    "internal/parser",
  ]
  pruneopts = "UT"
  revision = "e4b6c8cf4f3d7bb572551d5a531a9f2068b2fd6e"
  version = "v0.1.1"

[[projects]]
  branch = "master"
  digest = "1:76ee51c3f468493aff39dbacc401e8831fbb765104cbf613b89bef01cf4bad70"
  name = "golang.org/x/net"
  packages = ["context"]
  pruneopts = "UT"
  revision = "fc4aabc6c91483155dade6fbb627cc953a723260"

[[projects]]
  digest = "1:f4d6f1de81abede35943b5f9d8106c9a4579d3ea5a19d0991be3055e3383254b"
  name = "google.golang.org/appengine"
  packages = [
    ".",
    "datastore",
    "datastore/internal/cloudkey",
    "datastore/internal/cloudpb",
    "internal",
    "internal/app_identity",
    "internal/base",
    "internal/datastore",
    "internal/log",
    "internal/modules",
    "internal/remote_api",
  ]
  pruneopts = "UT"
  revision = "971852bfffca25b069c31162ae8f247a3dba083b"
  version = "v1.6.5"

[solve-meta]
  analyzer-name = "dep"
  analyzer-version = 1
  input-imports = [
    "github.com/go-redis/cache",
    "github.com/go-redis/redis",
    "github.com/jessevdk/go-flags",
    "github.com/lib/pq",
    "github.com/rs/zerolog",
    "github.com/rs/zerolog/log",
    "github.com/vmihailenco/msgpack",
  ]
  solver-name = "gps-cdcl"
  solver-version = 1
